
Microsoft Visual Studio Solution File, Format Version 12.00
# Visual Studio Version 16
VisualStudioVersion = 16.0.29613.14
MinimumVisualStudioVersion = 10.0.40219.1
Project("{FAE04EC0-301F-11D3-BF4B-00C04F79EFBC}") = "singleton", "singleton\singleton.csproj", "{F76D898F-A287-4B85-BD5B-AC218CFFA6E8}"
EndProject
Global
	GlobalSection(SolutionConfigurationPlatforms) = preSolution
		Debug|Any CPU = Debug|Any CPU
		Release|Any CPU = Release|Any CPU
	EndGlobalSection
	GlobalSection(ProjectConfigurationPlatforms) = postSolution
		{F76D898F-A287-4B85-BD5B-AC218CFFA6E8}.Debug|Any CPU.ActiveCfg = Debug|Any CPU
		{F76D898F-A287-4B85-BD5B-AC218CFFA6E8}.Debug|Any CPU.Build.0 = Debug|Any CPU
		{F76D898F-A287-4B85-BD5B-AC218CFFA6E8}.Release|Any CPU.ActiveCfg = Release|Any CPU
		{F76D898F-A287-4B85-BD5B-AC218CFFA6E8}.Release|Any CPU.Build.0 = Release|Any CPU
	EndGlobalSection
	GlobalSection(SolutionProperties) = preSolution
		HideSolutionNode = FALSE
	EndGlobalSection
	GlobalSection(ExtensibilityGlobals) = postSolution
		SolutionGuid = {99D7D79C-C286-4A93-AB50-2868ED8E09A5}
	EndGlobalSection
EndGlobal
